
Microsoft Visual Studio Solution File, Format Version 12.00
# Visual Studio Version 17
VisualStudioVersion = 17.11.35303.130
MinimumVisualStudioVersion = 10.0.40219.1
Project("{FAE04EC0-301F-11D3-BF4B-00C04F79EFBC}") = "TCPServer", "Server\TCPServer.csproj", "{A65A2AF8-B44B-4996-989B-931EAADAA3F4}"
EndProject
Project("{FAE04EC0-301F-11D3-BF4B-00C04F79EFBC}") = "TCPClient", "Client\TCPClient.csproj", "{19A014B6-EB92-41A2-813E-7D93BF859B81}"
EndProject
Global
	GlobalSection(SolutionConfigurationPlatforms) = preSolution
		Debug|Any CPU = Debug|Any CPU
		Release|Any CPU = Release|Any CPU
	EndGlobalSection
	GlobalSection(ProjectConfigurationPlatforms) = postSolution
		{A65A2AF8-B44B-4996-989B-931EAADAA3F4}.Debug|Any CPU.ActiveCfg = Debug|Any CPU
		{A65A2AF8-B44B-4996-989B-931EAADAA3F4}.Debug|Any CPU.Build.0 = Debug|Any CPU
		{A65A2AF8-B44B-4996-989B-931EAADAA3F4}.Release|Any CPU.ActiveCfg = Release|Any CPU
		{A65A2AF8-B44B-4996-989B-931EAADAA3F4}.Release|Any CPU.Build.0 = Release|Any CPU
		{19A014B6-EB92-41A2-813E-7D93BF859B81}.Debug|Any CPU.ActiveCfg = Debug|Any CPU
		{19A014B6-EB92-41A2-813E-7D93BF859B81}.Debug|Any CPU.Build.0 = Debug|Any CPU
		{19A014B6-EB92-41A2-813E-7D93BF859B81}.Release|Any CPU.ActiveCfg = Release|Any CPU
		{19A014B6-EB92-41A2-813E-7D93BF859B81}.Release|Any CPU.Build.0 = Release|Any CPU
	EndGlobalSection
	GlobalSection(SolutionProperties) = preSolution
		HideSolutionNode = FALSE
	EndGlobalSection
	GlobalSection(ExtensibilityGlobals) = postSolution
		SolutionGuid = {E8107226-280A-4742-8CF1-DC4C57D26D74}
	EndGlobalSection
EndGlobal
